
Microsoft Visual Studio Solution File, Format Version 12.00
# Visual Studio 15
Project("{FAE04EC0-301F-11D3-BF4B-00C04F79EFBC}") = "LoginApp", "LoginApp\LoginApp.csproj", "{8FDFE3D4-3956-4A27-B72A-437923F6979A}"
EndProject
Project("{FAE04EC0-301F-11D3-BF4B-00C04F79EFBC}") = "LoginApp.Tests", "LoginApp.Tests\LoginApp.Tests.csproj", "{4BCCC498-F3BC-4FFB-9D1F-3AC1949227ED}"
EndProject
Global
	GlobalSection(SolutionConfigurationPlatforms) = preSolution
		Debug|Any CPU = Debug|Any CPU
		Release|Any CPU = Release|Any CPU
	EndGlobalSection
	GlobalSection(ProjectConfigurationPlatforms) = postSolution
		{8FDFE3D4-3956-4A27-B72A-437923F6979A}.Debug|Any CPU.ActiveCfg = Debug|Any CPU
		{8FDFE3D4-3956-4A27-B72A-437923F6979A}.Debug|Any CPU.Build.0 = Debug|Any CPU
		{8FDFE3D4-3956-4A27-B72A-437923F6979A}.Release|Any CPU.ActiveCfg = Release|Any CPU
		{8FDFE3D4-3956-4A27-B72A-437923F6979A}.Release|Any CPU.Build.0 = Release|Any CPU
		{4BCCC498-F3BC-4FFB-9D1F-3AC1949227ED}.Debug|Any CPU.ActiveCfg = Debug|Any CPU
		{4BCCC498-F3BC-4FFB-9D1F-3AC1949227ED}.Debug|Any CPU.Build.0 = Debug|Any CPU
		{4BCCC498-F3BC-4FFB-9D1F-3AC1949227ED}.Release|Any CPU.ActiveCfg = Release|Any CPU
		{4BCCC498-F3BC-4FFB-9D1F-3AC1949227ED}.Release|Any CPU.Build.0 = Release|Any CPU
	EndGlobalSection
EndGlobal
